
Microsoft Visual Studio Solution File, Format Version 12.00
# Visual Studio 2012
Project("{FAE04EC0-301F-11D3-BF4B-00C04F79EFBC}") = "5.UnicodeCharacterVar", "5.UnicodeCharacterVar\5.UnicodeCharacterVar.csproj", "{AFD42BCB-69F4-4239-806A-8476E3BE3DDC}"
EndProject
Project("{FAE04EC0-301F-11D3-BF4B-00C04F79EFBC}") = "10.EmployeesCredentials", "10.EmployeesCredentials\10.EmployeesCredentials.csproj", "{E06B39FF-F0D8-4555-BA7F-E4C07DF8E064}"
EndProject
Project("{FAE04EC0-301F-11D3-BF4B-00C04F79EFBC}") = "11.ExchangeValues", "11.ExchangeValues\11.ExchangeValues.csproj", "{5370EC13-DCA6-432E-A0F0-53D0BD5388F8}"
EndProject
Project("{FAE04EC0-301F-11D3-BF4B-00C04F79EFBC}") = "12.ASCIITable", "12.ASCIITable\12.ASCIITable.csproj", "{F6CA87A0-B445-40E2-A20C-8AD93171F9E8}"
EndProject
Project("{FAE04EC0-301F-11D3-BF4B-00C04F79EFBC}") = "13.AssigningNullValues", "13.AssigningNullValues\13.AssigningNullValues.csproj", "{44308BE9-8141-4AD1-BCED-2397B88615CC}"
EndProject
Project("{FAE04EC0-301F-11D3-BF4B-00C04F79EFBC}") = "14.BankAccount", "14.BankAccount\14.BankAccount.csproj", "{93FBDB8A-3D69-4C26-BC55-83A77B651C79}"
EndProject
Project("{FAE04EC0-301F-11D3-BF4B-00C04F79EFBC}") = "1.DeclaringVariables", "1.DeclaringVariables\1.DeclaringVariables.csproj", "{6E7C3607-8E7D-4D03-A22C-A075404FB2AD}"
EndProject
Project("{FAE04EC0-301F-11D3-BF4B-00C04F79EFBC}") = "2.FloatingPoint", "2.Float-PointVariables\2.FloatingPoint.csproj", "{87B1A252-D13F-40B0-A864-F3776EBAD4D8}"
EndProject
Project("{FAE04EC0-301F-11D3-BF4B-00C04F79EFBC}") = "3.ComparingFloatingVar", "3.ComparingFloatingVar\3.ComparingFloatingVar.csproj", "{C717AFF4-D40E-4556-AFD4-9721601030E0}"
EndProject
Project("{FAE04EC0-301F-11D3-BF4B-00C04F79EFBC}") = "4.HexadecimalFormat", "4.HexadecimalFormat\4.HexadecimalFormat.csproj", "{91906842-3607-4101-A8A9-CE8D7123F32F}"
EndProject
Project("{FAE04EC0-301F-11D3-BF4B-00C04F79EFBC}") = "6.DetermineGender", "6.DetermineGender\6.DetermineGender.csproj", "{F0EB7DD9-B48B-4748-B089-6B3BB5D36198}"
EndProject
Project("{FAE04EC0-301F-11D3-BF4B-00C04F79EFBC}") = "7.HelloWorld", "7.HelloWorld\7.HelloWorld.csproj", "{71B01DF2-C74B-4630-9AC6-3076131A7425}"
EndProject
Project("{FAE04EC0-301F-11D3-BF4B-00C04F79EFBC}") = "8.EscapingSequences", "8.EscapingSequences\8.EscapingSequences.csproj", "{DFB3A644-973D-47A5-B111-83BC503A6C27}"
EndProject
Project("{FAE04EC0-301F-11D3-BF4B-00C04F79EFBC}") = "9.IsoscelesTriangle", "9.IsoscelesTriangle\9.IsoscelesTriangle.csproj", "{913EBD04-C7FB-474F-86CD-D3126F0DE507}"
EndProject
Global
	GlobalSection(SolutionConfigurationPlatforms) = preSolution
		Debug|Any CPU = Debug|Any CPU
		Release|Any CPU = Release|Any CPU
	EndGlobalSection
	GlobalSection(ProjectConfigurationPlatforms) = postSolution
		{AFD42BCB-69F4-4239-806A-8476E3BE3DDC}.Debug|Any CPU.ActiveCfg = Debug|Any CPU
		{AFD42BCB-69F4-4239-806A-8476E3BE3DDC}.Debug|Any CPU.Build.0 = Debug|Any CPU
		{AFD42BCB-69F4-4239-806A-8476E3BE3DDC}.Release|Any CPU.ActiveCfg = Release|Any CPU
		{AFD42BCB-69F4-4239-806A-8476E3BE3DDC}.Release|Any CPU.Build.0 = Release|Any CPU
		{E06B39FF-F0D8-4555-BA7F-E4C07DF8E064}.Debug|Any CPU.ActiveCfg = Debug|Any CPU
		{E06B39FF-F0D8-4555-BA7F-E4C07DF8E064}.Debug|Any CPU.Build.0 = Debug|Any CPU
		{E06B39FF-F0D8-4555-BA7F-E4C07DF8E064}.Release|Any CPU.ActiveCfg = Release|Any CPU
		{E06B39FF-F0D8-4555-BA7F-E4C07DF8E064}.Release|Any CPU.Build.0 = Release|Any CPU
		{5370EC13-DCA6-432E-A0F0-53D0BD5388F8}.Debug|Any CPU.ActiveCfg = Debug|Any CPU
		{5370EC13-DCA6-432E-A0F0-53D0BD5388F8}.Debug|Any CPU.Build.0 = Debug|Any CPU
		{5370EC13-DCA6-432E-A0F0-53D0BD5388F8}.Release|Any CPU.ActiveCfg = Release|Any CPU
		{5370EC13-DCA6-432E-A0F0-53D0BD5388F8}.Release|Any CPU.Build.0 = Release|Any CPU
		{F6CA87A0-B445-40E2-A20C-8AD93171F9E8}.Debug|Any CPU.ActiveCfg = Debug|Any CPU
		{F6CA87A0-B445-40E2-A20C-8AD93171F9E8}.Debug|Any CPU.Build.0 = Debug|Any CPU
		{F6CA87A0-B445-40E2-A20C-8AD93171F9E8}.Release|Any CPU.ActiveCfg = Release|Any CPU
		{F6CA87A0-B445-40E2-A20C-8AD93171F9E8}.Release|Any CPU.Build.0 = Release|Any CPU
		{44308BE9-8141-4AD1-BCED-2397B88615CC}.Debug|Any CPU.ActiveCfg = Debug|Any CPU
		{44308BE9-8141-4AD1-BCED-2397B88615CC}.Debug|Any CPU.Build.0 = Debug|Any CPU
		{44308BE9-8141-4AD1-BCED-2397B88615CC}.Release|Any CPU.ActiveCfg = Release|Any CPU
		{44308BE9-8141-4AD1-BCED-2397B88615CC}.Release|Any CPU.Build.0 = Release|Any CPU
		{93FBDB8A-3D69-4C26-BC55-83A77B651C79}.Debug|Any CPU.ActiveCfg = Debug|Any CPU
		{93FBDB8A-3D69-4C26-BC55-83A77B651C79}.Debug|Any CPU.Build.0 = Debug|Any CPU
		{93FBDB8A-3D69-4C26-BC55-83A77B651C79}.Release|Any CPU.ActiveCfg = Release|Any CPU
		{93FBDB8A-3D69-4C26-BC55-83A77B651C79}.Release|Any CPU.Build.0 = Release|Any CPU
		{6E7C3607-8E7D-4D03-A22C-A075404FB2AD}.Debug|Any CPU.ActiveCfg = Debug|Any CPU
		{6E7C3607-8E7D-4D03-A22C-A075404FB2AD}.Debug|Any CPU.Build.0 = Debug|Any CPU
		{6E7C3607-8E7D-4D03-A22C-A075404FB2AD}.Release|Any CPU.ActiveCfg = Release|Any CPU
		{6E7C3607-8E7D-4D03-A22C-A075404FB2AD}.Release|Any CPU.Build.0 = Release|Any CPU
		{87B1A252-D13F-40B0-A864-F3776EBAD4D8}.Debug|Any CPU.ActiveCfg = Debug|Any CPU
		{87B1A252-D13F-40B0-A864-F3776EBAD4D8}.Debug|Any CPU.Build.0 = Debug|Any CPU
		{87B1A252-D13F-40B0-A864-F3776EBAD4D8}.Release|Any CPU.ActiveCfg = Release|Any CPU
		{87B1A252-D13F-40B0-A864-F3776EBAD4D8}.Release|Any CPU.Build.0 = Release|Any CPU
		{C717AFF4-D40E-4556-AFD4-9721601030E0}.Debug|Any CPU.ActiveCfg = Debug|Any CPU
		{C717AFF4-D40E-4556-AFD4-9721601030E0}.Debug|Any CPU.Build.0 = Debug|Any CPU
		{C717AFF4-D40E-4556-AFD4-9721601030E0}.Release|Any CPU.ActiveCfg = Release|Any CPU
		{C717AFF4-D40E-4556-AFD4-9721601030E0}.Release|Any CPU.Build.0 = Release|Any CPU
		{91906842-3607-4101-A8A9-CE8D7123F32F}.Debug|Any CPU.ActiveCfg = Debug|Any CPU
		{91906842-3607-4101-A8A9-CE8D7123F32F}.Debug|Any CPU.Build.0 = Debug|Any CPU
		{91906842-3607-4101-A8A9-CE8D7123F32F}.Release|Any CPU.ActiveCfg = Release|Any CPU
		{91906842-3607-4101-A8A9-CE8D7123F32F}.Release|Any CPU.Build.0 = Release|Any CPU
		{F0EB7DD9-B48B-4748-B089-6B3BB5D36198}.Debug|Any CPU.ActiveCfg = Debug|Any CPU
		{F0EB7DD9-B48B-4748-B089-6B3BB5D36198}.Debug|Any CPU.Build.0 = Debug|Any CPU
		{F0EB7DD9-B48B-4748-B089-6B3BB5D36198}.Release|Any CPU.ActiveCfg = Release|Any CPU
		{F0EB7DD9-B48B-4748-B089-6B3BB5D36198}.Release|Any CPU.Build.0 = Release|Any CPU
		{71B01DF2-C74B-4630-9AC6-3076131A7425}.Debug|Any CPU.ActiveCfg = Debug|Any CPU
		{71B01DF2-C74B-4630-9AC6-3076131A7425}.Debug|Any CPU.Build.0 = Debug|Any CPU
		{71B01DF2-C74B-4630-9AC6-3076131A7425}.Release|Any CPU.ActiveCfg = Release|Any CPU
		{71B01DF2-C74B-4630-9AC6-3076131A7425}.Release|Any CPU.Build.0 = Release|Any CPU
		{DFB3A644-973D-47A5-B111-83BC503A6C27}.Debug|Any CPU.ActiveCfg = Debug|Any CPU
		{DFB3A644-973D-47A5-B111-83BC503A6C27}.Debug|Any CPU.Build.0 = Debug|Any CPU
		{DFB3A644-973D-47A5-B111-83BC503A6C27}.Release|Any CPU.ActiveCfg = Release|Any CPU
		{DFB3A644-973D-47A5-B111-83BC503A6C27}.Release|Any CPU.Build.0 = Release|Any CPU
		{913EBD04-C7FB-474F-86CD-D3126F0DE507}.Debug|Any CPU.ActiveCfg = Debug|Any CPU
		{913EBD04-C7FB-474F-86CD-D3126F0DE507}.Debug|Any CPU.Build.0 = Debug|Any CPU
		{913EBD04-C7FB-474F-86CD-D3126F0DE507}.Release|Any CPU.ActiveCfg = Release|Any CPU
		{913EBD04-C7FB-474F-86CD-D3126F0DE507}.Release|Any CPU.Build.0 = Release|Any CPU
	EndGlobalSection
	GlobalSection(SolutionProperties) = preSolution
		HideSolutionNode = FALSE
	EndGlobalSection
EndGlobal
