
Microsoft Visual Studio Solution File, Format Version 12.00
# Visual Studio 2012
Project("{FAE04EC0-301F-11D3-BF4B-00C04F79EFBC}") = "1.PrintNumbers", "1.PrintingNumbers\1.PrintNumbers.csproj", "{28E5228B-D167-4451-BFBC-563FEB8BE9FE}"
EndProject
Project("{FAE04EC0-301F-11D3-BF4B-00C04F79EFBC}") = "2.ComputeCircleAreaPerimeter", "ComputeCircleAreaPerimeter\2.ComputeCircleAreaPerimeter.csproj", "{AF6A2573-19CA-4652-B9D2-C60CA5E36BD8}"
EndProject
Project("{FAE04EC0-301F-11D3-BF4B-00C04F79EFBC}") = "3.CompanyCredentials", "3.CompanyCredentials\3.CompanyCredentials.csproj", "{E1DE655F-D9C1-4541-A772-A3B8F0572E74}"
EndProject
Project("{FAE04EC0-301F-11D3-BF4B-00C04F79EFBC}") = "4.DivisibleBy5InAnInterval", "DivisibleBy5InAnInterval\4.DivisibleBy5InAnInterval.csproj", "{B8C81106-1C0B-4833-BF18-E321B3146DE7}"
EndProject
Project("{FAE04EC0-301F-11D3-BF4B-00C04F79EFBC}") = "5.PrintBiggerNumber", "5.PrintBiggerNumber\5.PrintBiggerNumber.csproj", "{074D7369-2C41-4746-8CD9-7256F9DE00F1}"
EndProject
Project("{FAE04EC0-301F-11D3-BF4B-00C04F79EFBC}") = "6.SolveQuadraticEquation", "SolveQuadraticEquation\6.SolveQuadraticEquation.csproj", "{83EAFF85-162D-4B17-B8EA-F08808F47F81}"
EndProject
Project("{FAE04EC0-301F-11D3-BF4B-00C04F79EFBC}") = "7.ComputeSum", "7.ComputeSum\7.ComputeSum.csproj", "{2B56B645-6E54-405E-B4F5-709553C4467E}"
EndProject
Project("{FAE04EC0-301F-11D3-BF4B-00C04F79EFBC}") = "8.SequenceOfNumbers", "8.SequenceOfNumbers\8.SequenceOfNumbers.csproj", "{05510A67-44CD-4635-AD7A-73B51E33A541}"
EndProject
Project("{FAE04EC0-301F-11D3-BF4B-00C04F79EFBC}") = "9.FibonacciSequence", "9.FibonacciSequence\9.FibonacciSequence.csproj", "{9B99404E-888F-4B86-B09E-5BE99B281C80}"
EndProject
Project("{FAE04EC0-301F-11D3-BF4B-00C04F79EFBC}") = "10.SumOfFractions", "10.SumOfFractions\10.SumOfFractions.csproj", "{0EC48BBF-9CBF-4036-BE04-4A2DBFE22CD3}"
EndProject
Project("{FAE04EC0-301F-11D3-BF4B-00C04F79EFBC}") = "11.FallingRocks", "11.FallingRocks\11.FallingRocks.csproj", "{1DC0C511-E9F9-4974-9C60-146240E29F63}"
EndProject
Global
	GlobalSection(SolutionConfigurationPlatforms) = preSolution
		Debug|Any CPU = Debug|Any CPU
		Release|Any CPU = Release|Any CPU
	EndGlobalSection
	GlobalSection(ProjectConfigurationPlatforms) = postSolution
		{28E5228B-D167-4451-BFBC-563FEB8BE9FE}.Debug|Any CPU.ActiveCfg = Debug|Any CPU
		{28E5228B-D167-4451-BFBC-563FEB8BE9FE}.Debug|Any CPU.Build.0 = Debug|Any CPU
		{28E5228B-D167-4451-BFBC-563FEB8BE9FE}.Release|Any CPU.ActiveCfg = Release|Any CPU
		{28E5228B-D167-4451-BFBC-563FEB8BE9FE}.Release|Any CPU.Build.0 = Release|Any CPU
		{AF6A2573-19CA-4652-B9D2-C60CA5E36BD8}.Debug|Any CPU.ActiveCfg = Debug|Any CPU
		{AF6A2573-19CA-4652-B9D2-C60CA5E36BD8}.Debug|Any CPU.Build.0 = Debug|Any CPU
		{AF6A2573-19CA-4652-B9D2-C60CA5E36BD8}.Release|Any CPU.ActiveCfg = Release|Any CPU
		{AF6A2573-19CA-4652-B9D2-C60CA5E36BD8}.Release|Any CPU.Build.0 = Release|Any CPU
		{E1DE655F-D9C1-4541-A772-A3B8F0572E74}.Debug|Any CPU.ActiveCfg = Debug|Any CPU
		{E1DE655F-D9C1-4541-A772-A3B8F0572E74}.Debug|Any CPU.Build.0 = Debug|Any CPU
		{E1DE655F-D9C1-4541-A772-A3B8F0572E74}.Release|Any CPU.ActiveCfg = Release|Any CPU
		{E1DE655F-D9C1-4541-A772-A3B8F0572E74}.Release|Any CPU.Build.0 = Release|Any CPU
		{B8C81106-1C0B-4833-BF18-E321B3146DE7}.Debug|Any CPU.ActiveCfg = Debug|Any CPU
		{B8C81106-1C0B-4833-BF18-E321B3146DE7}.Debug|Any CPU.Build.0 = Debug|Any CPU
		{B8C81106-1C0B-4833-BF18-E321B3146DE7}.Release|Any CPU.ActiveCfg = Release|Any CPU
		{B8C81106-1C0B-4833-BF18-E321B3146DE7}.Release|Any CPU.Build.0 = Release|Any CPU
		{074D7369-2C41-4746-8CD9-7256F9DE00F1}.Debug|Any CPU.ActiveCfg = Debug|Any CPU
		{074D7369-2C41-4746-8CD9-7256F9DE00F1}.Debug|Any CPU.Build.0 = Debug|Any CPU
		{074D7369-2C41-4746-8CD9-7256F9DE00F1}.Release|Any CPU.ActiveCfg = Release|Any CPU
		{074D7369-2C41-4746-8CD9-7256F9DE00F1}.Release|Any CPU.Build.0 = Release|Any CPU
		{83EAFF85-162D-4B17-B8EA-F08808F47F81}.Debug|Any CPU.ActiveCfg = Debug|Any CPU
		{83EAFF85-162D-4B17-B8EA-F08808F47F81}.Debug|Any CPU.Build.0 = Debug|Any CPU
		{83EAFF85-162D-4B17-B8EA-F08808F47F81}.Release|Any CPU.ActiveCfg = Release|Any CPU
		{83EAFF85-162D-4B17-B8EA-F08808F47F81}.Release|Any CPU.Build.0 = Release|Any CPU
		{2B56B645-6E54-405E-B4F5-709553C4467E}.Debug|Any CPU.ActiveCfg = Debug|Any CPU
		{2B56B645-6E54-405E-B4F5-709553C4467E}.Debug|Any CPU.Build.0 = Debug|Any CPU
		{2B56B645-6E54-405E-B4F5-709553C4467E}.Release|Any CPU.ActiveCfg = Release|Any CPU
		{2B56B645-6E54-405E-B4F5-709553C4467E}.Release|Any CPU.Build.0 = Release|Any CPU
		{05510A67-44CD-4635-AD7A-73B51E33A541}.Debug|Any CPU.ActiveCfg = Debug|Any CPU
		{05510A67-44CD-4635-AD7A-73B51E33A541}.Debug|Any CPU.Build.0 = Debug|Any CPU
		{05510A67-44CD-4635-AD7A-73B51E33A541}.Release|Any CPU.ActiveCfg = Release|Any CPU
		{05510A67-44CD-4635-AD7A-73B51E33A541}.Release|Any CPU.Build.0 = Release|Any CPU
		{9B99404E-888F-4B86-B09E-5BE99B281C80}.Debug|Any CPU.ActiveCfg = Debug|Any CPU
		{9B99404E-888F-4B86-B09E-5BE99B281C80}.Debug|Any CPU.Build.0 = Debug|Any CPU
		{9B99404E-888F-4B86-B09E-5BE99B281C80}.Release|Any CPU.ActiveCfg = Release|Any CPU
		{9B99404E-888F-4B86-B09E-5BE99B281C80}.Release|Any CPU.Build.0 = Release|Any CPU
		{0EC48BBF-9CBF-4036-BE04-4A2DBFE22CD3}.Debug|Any CPU.ActiveCfg = Debug|Any CPU
		{0EC48BBF-9CBF-4036-BE04-4A2DBFE22CD3}.Debug|Any CPU.Build.0 = Debug|Any CPU
		{0EC48BBF-9CBF-4036-BE04-4A2DBFE22CD3}.Release|Any CPU.ActiveCfg = Release|Any CPU
		{0EC48BBF-9CBF-4036-BE04-4A2DBFE22CD3}.Release|Any CPU.Build.0 = Release|Any CPU
		{1DC0C511-E9F9-4974-9C60-146240E29F63}.Debug|Any CPU.ActiveCfg = Debug|Any CPU
		{1DC0C511-E9F9-4974-9C60-146240E29F63}.Debug|Any CPU.Build.0 = Debug|Any CPU
		{1DC0C511-E9F9-4974-9C60-146240E29F63}.Release|Any CPU.ActiveCfg = Release|Any CPU
		{1DC0C511-E9F9-4974-9C60-146240E29F63}.Release|Any CPU.Build.0 = Release|Any CPU
	EndGlobalSection
	GlobalSection(SolutionProperties) = preSolution
		HideSolutionNode = FALSE
	EndGlobalSection
EndGlobal
